// !$*UTF8*$!
{
	archiveVersion = 1;
	classes = {
	};
	objectVersion = 55;
	objects = {

/* Begin PBXBuildFile section */
		F789EC4E28B37F29009E2364 /* AppDelegate.swift in Sources */ = {isa = PBXBuildFile; fileRef = F789EC4D28B37F29009E2364 /* AppDelegate.swift */; };
		F789EC5028B37F29009E2364 /* SceneDelegate.swift in Sources */ = {isa = PBXBuildFile; fileRef = F789EC4F28B37F29009E2364 /* SceneDelegate.swift */; };
		F789EC5228B37F29009E2364 /* ViewController.swift in Sources */ = {isa = PBXBuildFile; fileRef = F789EC5128B37F29009E2364 /* ViewController.swift */; };
		F789EC5528B37F29009E2364 /* Main.storyboard in Resources */ = {isa = PBXBuildFile; fileRef = F789EC5328B37F29009E2364 /* Main.storyboard */; };
		F789EC5728B37F2C009E2364 /* Assets.xcassets in Resources */ = {isa = PBXBuildFile; fileRef = F789EC5628B37F2C009E2364 /* Assets.xcassets */; };
		F789EC5A28B37F2C009E2364 /* LaunchScreen.storyboard in Resources */ = {isa = PBXBuildFile; fileRef = F789EC5828B37F2C009E2364 /* LaunchScreen.storyboard */; };
		F789EC6528B37F2C009E2364 /* NewsApp_VIPTests.swift in Sources */ = {isa = PBXBuildFile; fileRef = F789EC6428B37F2C009E2364 /* NewsApp_VIPTests.swift */; };
		F789EC6F28B37F2C009E2364 /* NewsApp_VIPUITests.swift in Sources */ = {isa = PBXBuildFile; fileRef = F789EC6E28B37F2C009E2364 /* NewsApp_VIPUITests.swift */; };
		F789EC7128B37F2D009E2364 /* NewsApp_VIPUITestsLaunchTests.swift in Sources */ = {isa = PBXBuildFile; fileRef = F789EC7028B37F2D009E2364 /* NewsApp_VIPUITestsLaunchTests.swift */; };
/* End PBXBuildFile section */

/* Begin PBXContainerItemProxy section */
		F789EC6128B37F2C009E2364 /* PBXContainerItemProxy */ = {
			isa = PBXContainerItemProxy;
			containerPortal = F789EC4228B37F29009E2364 /* Project object */;
			proxyType = 1;
			remoteGlobalIDString = F789EC4928B37F29009E2364;
			remoteInfo = "NewsApp-VIP";
		};
		F789EC6B28B37F2C009E2364 /* PBXContainerItemProxy */ = {
			isa = PBXContainerItemProxy;
			containerPortal = F789EC4228B37F29009E2364 /* Project object */;
			proxyType = 1;
			remoteGlobalIDString = F789EC4928B37F29009E2364;
			remoteInfo = "NewsApp-VIP";
		};
/* End PBXContainerItemProxy section */

/* Begin PBXFileReference section */
		F789EC4A28B37F29009E2364 /* NewsApp-VIP.app */ = {isa = PBXFileReference; explicitFileType = wrapper.application; includeInIndex = 0; path = "NewsApp-VIP.app"; sourceTree = BUILT_PRODUCTS_DIR; };
		F789EC4D28B37F29009E2364 /* AppDelegate.swift */ = {isa = PBXFileReference; lastKnownFileType = sourcecode.swift; path = AppDelegate.swift; sourceTree = "<group>"; };
		F789EC4F28B37F29009E2364 /* SceneDelegate.swift */ = {isa = PBXFileReference; lastKnownFileType = sourcecode.swift; path = SceneDelegate.swift; sourceTree = "<group>"; };
		F789EC5128B37F29009E2364 /* ViewController.swift */ = {isa = PBXFileReference; lastKnownFileType = sourcecode.swift; path = ViewController.swift; sourceTree = "<group>"; };
		F789EC5428B37F29009E2364 /* Base */ = {isa = PBXFileReference; lastKnownFileType = file.storyboard; name = Base; path = Base.lproj/Main.storyboard; sourceTree = "<group>"; };
		F789EC5628B37F2C009E2364 /* Assets.xcassets */ = {isa = PBXFileReference; lastKnownFileType = folder.assetcatalog; path = Assets.xcassets; sourceTree = "<group>"; };
		F789EC5928B37F2C009E2364 /* Base */ = {isa = PBXFileReference; lastKnownFileType = file.storyboard; name = Base; path = Base.lproj/LaunchScreen.storyboard; sourceTree = "<group>"; };
		F789EC5B28B37F2C009E2364 /* Info.plist */ = {isa = PBXFileReference; lastKnownFileType = text.plist.xml; path = Info.plist; sourceTree = "<group>"; };
		F789EC6028B37F2C009E2364 /* NewsApp-VIPTests.xctest */ = {isa = PBXFileReference; explicitFileType = wrapper.cfbundle; includeInIndex = 0; path = "NewsApp-VIPTests.xctest"; sourceTree = BUILT_PRODUCTS_DIR; };
		F789EC6428B37F2C009E2364 /* NewsApp_VIPTests.swift */ = {isa = PBXFileReference; lastKnownFileType = sourcecode.swift; path = NewsApp_VIPTests.swift; sourceTree = "<group>"; };
		F789EC6A28B37F2C009E2364 /* NewsApp-VIPUITests.xctest */ = {isa = PBXFileReference; explicitFileType = wrapper.cfbundle; includeInIndex = 0; path = "NewsApp-VIPUITests.xctest"; sourceTree = BUILT_PRODUCTS_DIR; };
		F789EC6E28B37F2C009E2364 /* NewsApp_VIPUITests.swift */ = {isa = PBXFileReference; lastKnownFileType = sourcecode.swift; path = NewsApp_VIPUITests.swift; sourceTree = "<group>"; };
		F789EC7028B37F2D009E2364 /* NewsApp_VIPUITestsLaunchTests.swift */ = {isa = PBXFileReference; lastKnownFileType = sourcecode.swift; path = NewsApp_VIPUITestsLaunchTests.swift; sourceTree = "<group>"; };
/* End PBXFileReference section */

/* Begin PBXFrameworksBuildPhase section */
		F789EC4728B37F29009E2364 /* Frameworks */ = {
			isa = PBXFrameworksBuildPhase;
			buildActionMask = 2147483647;
			files = (
			);
			runOnlyForDeploymentPostprocessing = 0;
		};
		F789EC5D28B37F2C009E2364 /* Frameworks */ = {
			isa = PBXFrameworksBuildPhase;
			buildActionMask = 2147483647;
			files = (
			);
			runOnlyForDeploymentPostprocessing = 0;
		};
		F789EC6728B37F2C009E2364 /* Frameworks */ = {
			isa = PBXFrameworksBuildPhase;
			buildActionMask = 2147483647;
			files = (
			);
			runOnlyForDeploymentPostprocessing = 0;
		};
/* End PBXFrameworksBuildPhase section */

/* Begin PBXGroup section */
		F789EC4128B37F29009E2364 = {
			isa = PBXGroup;
			children = (
				F789EC4C28B37F29009E2364 /* NewsApp-VIP */,
				F789EC6328B37F2C009E2364 /* NewsApp-VIPTests */,
				F789EC6D28B37F2C009E2364 /* NewsApp-VIPUITests */,
				F789EC4B28B37F29009E2364 /* Products */,
			);
			sourceTree = "<group>";
		};
		F789EC4B28B37F29009E2364 /* Products */ = {
			isa = PBXGroup;
			children = (
				F789EC4A28B37F29009E2364 /* NewsApp-VIP.app */,
				F789EC6028B37F2C009E2364 /* NewsApp-VIPTests.xctest */,
				F789EC6A28B37F2C009E2364 /* NewsApp-VIPUITests.xctest */,
			);
			name = Products;
			sourceTree = "<group>";
		};
		F789EC4C28B37F29009E2364 /* NewsApp-VIP */ = {
			isa = PBXGroup;
			children = (
				F789EC4D28B37F29009E2364 /* AppDelegate.swift */,
				F789EC4F28B37F29009E2364 /* SceneDelegate.swift */,
				F789EC5128B37F29009E2364 /* ViewController.swift */,
				F789EC5328B37F29009E2364 /* Main.storyboard */,
				F789EC5628B37F2C009E2364 /* Assets.xcassets */,
				F789EC5828B37F2C009E2364 /* LaunchScreen.storyboard */,
				F789EC5B28B37F2C009E2364 /* Info.plist */,
			);
			path = "NewsApp-VIP";
			sourceTree = "<group>";
		};
		F789EC6328B37F2C009E2364 /* NewsApp-VIPTests */ = {
			isa = PBXGroup;
			children = (
				F789EC6428B37F2C009E2364 /* NewsApp_VIPTests.swift */,
			);
			path = "NewsApp-VIPTests";
			sourceTree = "<group>";
		};
		F789EC6D28B37F2C009E2364 /* NewsApp-VIPUITests */ = {
			isa = PBXGroup;
			children = (
				F789EC6E28B37F2C009E2364 /* NewsApp_VIPUITests.swift */,
				F789EC7028B37F2D009E2364 /* NewsApp_VIPUITestsLaunchTests.swift */,
			);
			path = "NewsApp-VIPUITests";
			sourceTree = "<group>";
		};
/* End PBXGroup section */

/* Begin PBXNativeTarget section */
		F789EC4928B37F29009E2364 /* NewsApp-VIP */ = {
			isa = PBXNativeTarget;
			buildConfigurationList = F789EC7428B37F2D009E2364 /* Build configuration list for PBXNativeTarget "NewsApp-VIP" */;
			buildPhases = (
				F789EC4628B37F29009E2364 /* Sources */,
				F789EC4728B37F29009E2364 /* Frameworks */,
				F789EC4828B37F29009E2364 /* Resources */,
			);
			buildRules = (
			);
			dependencies = (
			);
			name = "NewsApp-VIP";
			productName = "NewsApp-VIP";
			productReference = F789EC4A28B37F29009E2364 /* NewsApp-VIP.app */;
			productType = "com.apple.product-type.application";
		};
		F789EC5F28B37F2C009E2364 /* NewsApp-VIPTests */ = {
			isa = PBXNativeTarget;
			buildConfigurationList = F789EC7728B37F2D009E2364 /* Build configuration list for PBXNativeTarget "NewsApp-VIPTests" */;
			buildPhases = (
				F789EC5C28B37F2C009E2364 /* Sources */,
				F789EC5D28B37F2C009E2364 /* Frameworks */,
				F789EC5E28B37F2C009E2364 /* Resources */,
			);
			buildRules = (
			);
			dependencies = (
				F789EC6228B37F2C009E2364 /* PBXTargetDependency */,
			);
			name = "NewsApp-VIPTests";
			productName = "NewsApp-VIPTests";
			productReference = F789EC6028B37F2C009E2364 /* NewsApp-VIPTests.xctest */;
			productType = "com.apple.product-type.bundle.unit-test";
		};
		F789EC6928B37F2C009E2364 /* NewsApp-VIPUITests */ = {
			isa = PBXNativeTarget;
			buildConfigurationList = F789EC7A28B37F2D009E2364 /* Build configuration list for PBXNativeTarget "NewsApp-VIPUITests" */;
			buildPhases = (
				F789EC6628B37F2C009E2364 /* Sources */,
				F789EC6728B37F2C009E2364 /* Frameworks */,
				F789EC6828B37F2C009E2364 /* Resources */,
			);
			buildRules = (
			);
			dependencies = (
				F789EC6C28B37F2C009E2364 /* PBXTargetDependency */,
			);
			name = "NewsApp-VIPUITests";
			productName = "NewsApp-VIPUITests";
			productReference = F789EC6A28B37F2C009E2364 /* NewsApp-VIPUITests.xctest */;
			productType = "com.apple.product-type.bundle.ui-testing";
		};
/* End PBXNativeTarget section */

/* Begin PBXProject section */
		F789EC4228B37F29009E2364 /* Project object */ = {
			isa = PBXProject;
			attributes = {
				BuildIndependentTargetsInParallel = 1;
				LastSwiftUpdateCheck = 1340;
				LastUpgradeCheck = 1340;
				TargetAttributes = {
					F789EC4928B37F29009E2364 = {
						CreatedOnToolsVersion = 13.4;
					};
					F789EC5F28B37F2C009E2364 = {
						CreatedOnToolsVersion = 13.4;
						TestTargetID = F789EC4928B37F29009E2364;
					};
					F789EC6928B37F2C009E2364 = {
						CreatedOnToolsVersion = 13.4;
						TestTargetID = F789EC4928B37F29009E2364;
					};
				};
			};
			buildConfigurationList = F789EC4528B37F29009E2364 /* Build configuration list for PBXProject "NewsApp-VIP" */;
			compatibilityVersion = "Xcode 13.0";
			developmentRegion = en;
			hasScannedForEncodings = 0;
			knownRegions = (
				en,
				Base,
			);
			mainGroup = F789EC4128B37F29009E2364;
			productRefGroup = F789EC4B28B37F29009E2364 /* Products */;
			projectDirPath = "";
			projectRoot = "";
			targets = (
				F789EC4928B37F29009E2364 /* NewsApp-VIP */,
				F789EC5F28B37F2C009E2364 /* NewsApp-VIPTests */,
				F789EC6928B37F2C009E2364 /* NewsApp-VIPUITests */,
			);
		};
/* End PBXProject section */

/* Begin PBXResourcesBuildPhase section */
		F789EC4828B37F29009E2364 /* Resources */ = {
			isa = PBXResourcesBuildPhase;
			buildActionMask = 2147483647;
			files = (
				F789EC5A28B37F2C009E2364 /* LaunchScreen.storyboard in Resources */,
				F789EC5728B37F2C009E2364 /* Assets.xcassets in Resources */,
				F789EC5528B37F29009E2364 /* Main.storyboard in Resources */,
			);
			runOnlyForDeploymentPostprocessing = 0;
		};
		F789EC5E28B37F2C009E2364 /* Resources */ = {
			isa = PBXResourcesBuildPhase;
			buildActionMask = 2147483647;
			files = (
			);
			runOnlyForDeploymentPostprocessing = 0;
		};
		F789EC6828B37F2C009E2364 /* Resources */ = {
			isa = PBXResourcesBuildPhase;
			buildActionMask = 2147483647;
			files = (
			);
			runOnlyForDeploymentPostprocessing = 0;
		};
/* End PBXResourcesBuildPhase section */

/* Begin PBXSourcesBuildPhase section */
		F789EC4628B37F29009E2364 /* Sources */ = {
			isa = PBXSourcesBuildPhase;
			buildActionMask = 2147483647;
			files = (
				F789EC5228B37F29009E2364 /* ViewController.swift in Sources */,
				F789EC4E28B37F29009E2364 /* AppDelegate.swift in Sources */,
				F789EC5028B37F29009E2364 /* SceneDelegate.swift in Sources */,
			);
			runOnlyForDeploymentPostprocessing = 0;
		};
		F789EC5C28B37F2C009E2364 /* Sources */ = {
			isa = PBXSourcesBuildPhase;
			buildActionMask = 2147483647;
			files = (
				F789EC6528B37F2C009E2364 /* NewsApp_VIPTests.swift in Sources */,
			);
			runOnlyForDeploymentPostprocessing = 0;
		};
		F789EC6628B37F2C009E2364 /* Sources */ = {
			isa = PBXSourcesBuildPhase;
			buildActionMask = 2147483647;
			files = (
				F789EC6F28B37F2C009E2364 /* NewsApp_VIPUITests.swift in Sources */,
				F789EC7128B37F2D009E2364 /* NewsApp_VIPUITestsLaunchTests.swift in Sources */,
			);
			runOnlyForDeploymentPostprocessing = 0;
		};
/* End PBXSourcesBuildPhase section */

/* Begin PBXTargetDependency section */
		F789EC6228B37F2C009E2364 /* PBXTargetDependency */ = {
			isa = PBXTargetDependency;
			target = F789EC4928B37F29009E2364 /* NewsApp-VIP */;
			targetProxy = F789EC6128B37F2C009E2364 /* PBXContainerItemProxy */;
		};
		F789EC6C28B37F2C009E2364 /* PBXTargetDependency */ = {
			isa = PBXTargetDependency;
			target = F789EC4928B37F29009E2364 /* NewsApp-VIP */;
			targetProxy = F789EC6B28B37F2C009E2364 /* PBXContainerItemProxy */;
		};
/* End PBXTargetDependency section */

/* Begin PBXVariantGroup section */
		F789EC5328B37F29009E2364 /* Main.storyboard */ = {
			isa = PBXVariantGroup;
			children = (
				F789EC5428B37F29009E2364 /* Base */,
			);
			name = Main.storyboard;
			sourceTree = "<group>";
		};
		F789EC5828B37F2C009E2364 /* LaunchScreen.storyboard */ = {
			isa = PBXVariantGroup;
			children = (
				F789EC5928B37F2C009E2364 /* Base */,
			);
			name = LaunchScreen.storyboard;
			sourceTree = "<group>";
		};
/* End PBXVariantGroup section */

/* Begin XCBuildConfiguration section */
		F789EC7228B37F2D009E2364 /* Debug */ = {
			isa = XCBuildConfiguration;
			buildSettings = {
				ALWAYS_SEARCH_USER_PATHS = NO;
				CLANG_ANALYZER_NONNULL = YES;
				CLANG_ANALYZER_NUMBER_OBJECT_CONVERSION = YES_AGGRESSIVE;
				CLANG_CXX_LANGUAGE_STANDARD = "gnu++17";
				CLANG_ENABLE_MODULES = YES;
				CLANG_ENABLE_OBJC_ARC = YES;
				CLANG_ENABLE_OBJC_WEAK = YES;
				CLANG_WARN_BLOCK_CAPTURE_AUTORELEASING = YES;
				CLANG_WARN_BOOL_CONVERSION = YES;
				CLANG_WARN_COMMA = YES;
				CLANG_WARN_CONSTANT_CONVERSION = YES;
				CLANG_WARN_DEPRECATED_OBJC_IMPLEMENTATIONS = YES;
				CLANG_WARN_DIRECT_OBJC_ISA_USAGE = YES_ERROR;
				CLANG_WARN_DOCUMENTATION_COMMENTS = YES;
				CLANG_WARN_EMPTY_BODY = YES;
				CLANG_WARN_ENUM_CONVERSION = YES;
				CLANG_WARN_INFINITE_RECURSION = YES;
				CLANG_WARN_INT_CONVERSION = YES;
				CLANG_WARN_NON_LITERAL_NULL_CONVERSION = YES;
				CLANG_WARN_OBJC_IMPLICIT_RETAIN_SELF = YES;
				CLANG_WARN_OBJC_LITERAL_CONVERSION = YES;
				CLANG_WARN_OBJC_ROOT_CLASS = YES_ERROR;
				CLANG_WARN_QUOTED_INCLUDE_IN_FRAMEWORK_HEADER = YES;
				CLANG_WARN_RANGE_LOOP_ANALYSIS = YES;
				CLANG_WARN_STRICT_PROTOTYPES = YES;
				CLANG_WARN_SUSPICIOUS_MOVE = YES;
				CLANG_WARN_UNGUARDED_AVAILABILITY = YES_AGGRESSIVE;
				CLANG_WARN_UNREACHABLE_CODE = YES;
				CLANG_WARN__DUPLICATE_METHOD_MATCH = YES;
				COPY_PHASE_STRIP = NO;
				DEBUG_INFORMATION_FORMAT = dwarf;
				ENABLE_STRICT_OBJC_MSGSEND = YES;
				ENABLE_TESTABILITY = YES;
				GCC_C_LANGUAGE_STANDARD = gnu11;
				GCC_DYNAMIC_NO_PIC = NO;
				GCC_NO_COMMON_BLOCKS = YES;
				GCC_OPTIMIZATION_LEVEL = 0;
				GCC_PREPROCESSOR_DEFINITIONS = (
					"DEBUG=1",
					"$(inherited)",
				);
				GCC_WARN_64_TO_32_BIT_CONVERSION = YES;
				GCC_WARN_ABOUT_RETURN_TYPE = YES_ERROR;
				GCC_WARN_UNDECLARED_SELECTOR = YES;
				GCC_WARN_UNINITIALIZED_AUTOS = YES_AGGRESSIVE;
				GCC_WARN_UNUSED_FUNCTION = YES;
				GCC_WARN_UNUSED_VARIABLE = YES;
				IPHONEOS_DEPLOYMENT_TARGET = 15.5;
				MTL_ENABLE_DEBUG_INFO = INCLUDE_SOURCE;
				MTL_FAST_MATH = YES;
				ONLY_ACTIVE_ARCH = YES;
				SDKROOT = iphoneos;
				SWIFT_ACTIVE_COMPILATION_CONDITIONS = DEBUG;
				SWIFT_OPTIMIZATION_LEVEL = "-Onone";
			};
			name = Debug;
		};
		F789EC7328B37F2D009E2364 /* Release */ = {
			isa = XCBuildConfiguration;
			buildSettings = {
				ALWAYS_SEARCH_USER_PATHS = NO;
				CLANG_ANALYZER_NONNULL = YES;
				CLANG_ANALYZER_NUMBER_OBJECT_CONVERSION = YES_AGGRESSIVE;
				CLANG_CXX_LANGUAGE_STANDARD = "gnu++17";
				CLANG_ENABLE_MODULES = YES;
				CLANG_ENABLE_OBJC_ARC = YES;
				CLANG_ENABLE_OBJC_WEAK = YES;
				CLANG_WARN_BLOCK_CAPTURE_AUTORELEASING = YES;
				CLANG_WARN_BOOL_CONVERSION = YES;
				CLANG_WARN_COMMA = YES;
				CLANG_WARN_CONSTANT_CONVERSION = YES;
				CLANG_WARN_DEPRECATED_OBJC_IMPLEMENTATIONS = YES;
				CLANG_WARN_DIRECT_OBJC_ISA_USAGE = YES_ERROR;
				CLANG_WARN_DOCUMENTATION_COMMENTS = YES;
				CLANG_WARN_EMPTY_BODY = YES;
				CLANG_WARN_ENUM_CONVERSION = YES;
				CLANG_WARN_INFINITE_RECURSION = YES;
				CLANG_WARN_INT_CONVERSION = YES;
				CLANG_WARN_NON_LITERAL_NULL_CONVERSION = YES;
				CLANG_WARN_OBJC_IMPLICIT_RETAIN_SELF = YES;
				CLANG_WARN_OBJC_LITERAL_CONVERSION = YES;
				CLANG_WARN_OBJC_ROOT_CLASS = YES_ERROR;
				CLANG_WARN_QUOTED_INCLUDE_IN_FRAMEWORK_HEADER = YES;
				CLANG_WARN_RANGE_LOOP_ANALYSIS = YES;
				CLANG_WARN_STRICT_PROTOTYPES = YES;
				CLANG_WARN_SUSPICIOUS_MOVE = YES;
				CLANG_WARN_UNGUARDED_AVAILABILITY = YES_AGGRESSIVE;
				CLANG_WARN_UNREACHABLE_CODE = YES;
				CLANG_WARN__DUPLICATE_METHOD_MATCH = YES;
				COPY_PHASE_STRIP = NO;
				DEBUG_INFORMATION_FORMAT = "dwarf-with-dsym";
				ENABLE_NS_ASSERTIONS = NO;
				ENABLE_STRICT_OBJC_MSGSEND = YES;
				GCC_C_LANGUAGE_STANDARD = gnu11;
				GCC_NO_COMMON_BLOCKS = YES;
				GCC_WARN_64_TO_32_BIT_CONVERSION = YES;
				GCC_WARN_ABOUT_RETURN_TYPE = YES_ERROR;
				GCC_WARN_UNDECLARED_SELECTOR = YES;
				GCC_WARN_UNINITIALIZED_AUTOS = YES_AGGRESSIVE;
				GCC_WARN_UNUSED_FUNCTION = YES;
				GCC_WARN_UNUSED_VARIABLE = YES;
				IPHONEOS_DEPLOYMENT_TARGET = 15.5;
				MTL_ENABLE_DEBUG_INFO = NO;
				MTL_FAST_MATH = YES;
				SDKROOT = iphoneos;
				SWIFT_COMPILATION_MODE = wholemodule;
				SWIFT_OPTIMIZATION_LEVEL = "-O";
				VALIDATE_PRODUCT = YES;
			};
			name = Release;
		};
		F789EC7528B37F2D009E2364 /* Debug */ = {
			isa = XCBuildConfiguration;
			buildSettings = {
				ASSETCATALOG_COMPILER_APPICON_NAME = AppIcon;
				ASSETCATALOG_COMPILER_GLOBAL_ACCENT_COLOR_NAME = AccentColor;
				CODE_SIGN_STYLE = Automatic;
				CURRENT_PROJECT_VERSION = 1;
				DEVELOPMENT_TEAM = 9ZAY36QDR2;
				GENERATE_INFOPLIST_FILE = YES;
				INFOPLIST_FILE = "NewsApp-VIP/Info.plist";
				INFOPLIST_KEY_UIApplicationSupportsIndirectInputEvents = YES;
				INFOPLIST_KEY_UILaunchStoryboardName = LaunchScreen;
				INFOPLIST_KEY_UIMainStoryboardFile = Main;
				INFOPLIST_KEY_UISupportedInterfaceOrientations_iPad = "UIInterfaceOrientationPortrait UIInterfaceOrientationPortraitUpsideDown UIInterfaceOrientationLandscapeLeft UIInterfaceOrientationLandscapeRight";
				INFOPLIST_KEY_UISupportedInterfaceOrientations_iPhone = "UIInterfaceOrientationPortrait UIInterfaceOrientationLandscapeLeft UIInterfaceOrientationLandscapeRight";
				LD_RUNPATH_SEARCH_PATHS = (
					"$(inherited)",
					"@executable_path/Frameworks",
				);
				MARKETING_VERSION = 1.0;
				PRODUCT_BUNDLE_IDENTIFIER = "com.buyasoft.NewsApp-VIP";
				PRODUCT_NAME = "$(TARGET_NAME)";
				SWIFT_EMIT_LOC_STRINGS = YES;
				SWIFT_VERSION = 5.0;
				TARGETED_DEVICE_FAMILY = "1,2";
			};
			name = Debug;
		};
		F789EC7628B37F2D009E2364 /* Release */ = {
			isa = XCBuildConfiguration;
			buildSettings = {
				ASSETCATALOG_COMPILER_APPICON_NAME = AppIcon;
				ASSETCATALOG_COMPILER_GLOBAL_ACCENT_COLOR_NAME = AccentColor;
				CODE_SIGN_STYLE = Automatic;
				CURRENT_PROJECT_VERSION = 1;
				DEVELOPMENT_TEAM = 9ZAY36QDR2;
				GENERATE_INFOPLIST_FILE = YES;
				INFOPLIST_FILE = "NewsApp-VIP/Info.plist";
				INFOPLIST_KEY_UIApplicationSupportsIndirectInputEvents = YES;
				INFOPLIST_KEY_UILaunchStoryboardName = LaunchScreen;
				INFOPLIST_KEY_UIMainStoryboardFile = Main;
				INFOPLIST_KEY_UISupportedInterfaceOrientations_iPad = "UIInterfaceOrientationPortrait UIInterfaceOrientationPortraitUpsideDown UIInterfaceOrientationLandscapeLeft UIInterfaceOrientationLandscapeRight";
				INFOPLIST_KEY_UISupportedInterfaceOrientations_iPhone = "UIInterfaceOrientationPortrait UIInterfaceOrientationLandscapeLeft UIInterfaceOrientationLandscapeRight";
				LD_RUNPATH_SEARCH_PATHS = (
					"$(inherited)",
					"@executable_path/Frameworks",
				);
				MARKETING_VERSION = 1.0;
				PRODUCT_BUNDLE_IDENTIFIER = "com.buyasoft.NewsApp-VIP";
				PRODUCT_NAME = "$(TARGET_NAME)";
				SWIFT_EMIT_LOC_STRINGS = YES;
				SWIFT_VERSION = 5.0;
				TARGETED_DEVICE_FAMILY = "1,2";
			};
			name = Release;
		};
		F789EC7828B37F2D009E2364 /* Debug */ = {
			isa = XCBuildConfiguration;
			buildSettings = {
				ALWAYS_EMBED_SWIFT_STANDARD_LIBRARIES = YES;
				BUNDLE_LOADER = "$(TEST_HOST)";
				CODE_SIGN_STYLE = Automatic;
				CURRENT_PROJECT_VERSION = 1;
				DEVELOPMENT_TEAM = 9ZAY36QDR2;
				GENERATE_INFOPLIST_FILE = YES;
				IPHONEOS_DEPLOYMENT_TARGET = 15.5;
				MARKETING_VERSION = 1.0;
				PRODUCT_BUNDLE_IDENTIFIER = "com.buyasoft.NewsApp-VIPTests";
				PRODUCT_NAME = "$(TARGET_NAME)";
				SWIFT_EMIT_LOC_STRINGS = NO;
				SWIFT_VERSION = 5.0;
				TARGETED_DEVICE_FAMILY = "1,2";
				TEST_HOST = "$(BUILT_PRODUCTS_DIR)/NewsApp-VIP.app/NewsApp-VIP";
			};
			name = Debug;
		};
		F789EC7928B37F2D009E2364 /* Release */ = {
			isa = XCBuildConfiguration;
			buildSettings = {
				ALWAYS_EMBED_SWIFT_STANDARD_LIBRARIES = YES;
				BUNDLE_LOADER = "$(TEST_HOST)";
				CODE_SIGN_STYLE = Automatic;
				CURRENT_PROJECT_VERSION = 1;
				DEVELOPMENT_TEAM = 9ZAY36QDR2;
				GENERATE_INFOPLIST_FILE = YES;
				IPHONEOS_DEPLOYMENT_TARGET = 15.5;
				MARKETING_VERSION = 1.0;
				PRODUCT_BUNDLE_IDENTIFIER = "com.buyasoft.NewsApp-VIPTests";
				PRODUCT_NAME = "$(TARGET_NAME)";
				SWIFT_EMIT_LOC_STRINGS = NO;
				SWIFT_VERSION = 5.0;
				TARGETED_DEVICE_FAMILY = "1,2";
				TEST_HOST = "$(BUILT_PRODUCTS_DIR)/NewsApp-VIP.app/NewsApp-VIP";
			};
			name = Release;
		};
		F789EC7B28B37F2D009E2364 /* Debug */ = {
			isa = XCBuildConfiguration;
			buildSettings = {
				ALWAYS_EMBED_SWIFT_STANDARD_LIBRARIES = YES;
				CODE_SIGN_STYLE = Automatic;
				CURRENT_PROJECT_VERSION = 1;
				DEVELOPMENT_TEAM = 9ZAY36QDR2;
				GENERATE_INFOPLIST_FILE = YES;
				MARKETING_VERSION = 1.0;
				PRODUCT_BUNDLE_IDENTIFIER = "com.buyasoft.NewsApp-VIPUITests";
				PRODUCT_NAME = "$(TARGET_NAME)";
				SWIFT_EMIT_LOC_STRINGS = NO;
				SWIFT_VERSION = 5.0;
				TARGETED_DEVICE_FAMILY = "1,2";
				TEST_TARGET_NAME = "NewsApp-VIP";
			};
			name = Debug;
		};
		F789EC7C28B37F2D009E2364 /* Release */ = {
			isa = XCBuildConfiguration;
			buildSettings = {
				ALWAYS_EMBED_SWIFT_STANDARD_LIBRARIES = YES;
				CODE_SIGN_STYLE = Automatic;
				CURRENT_PROJECT_VERSION = 1;
				DEVELOPMENT_TEAM = 9ZAY36QDR2;
				GENERATE_INFOPLIST_FILE = YES;
				MARKETING_VERSION = 1.0;
				PRODUCT_BUNDLE_IDENTIFIER = "com.buyasoft.NewsApp-VIPUITests";
				PRODUCT_NAME = "$(TARGET_NAME)";
				SWIFT_EMIT_LOC_STRINGS = NO;
				SWIFT_VERSION = 5.0;
				TARGETED_DEVICE_FAMILY = "1,2";
				TEST_TARGET_NAME = "NewsApp-VIP";
			};
			name = Release;
		};
/* End XCBuildConfiguration section */

/* Begin XCConfigurationList section */
		F789EC4528B37F29009E2364 /* Build configuration list for PBXProject "NewsApp-VIP" */ = {
			isa = XCConfigurationList;
			buildConfigurations = (
				F789EC7228B37F2D009E2364 /* Debug */,
				F789EC7328B37F2D009E2364 /* Release */,
			);
			defaultConfigurationIsVisible = 0;
			defaultConfigurationName = Release;
		};
		F789EC7428B37F2D009E2364 /* Build configuration list for PBXNativeTarget "NewsApp-VIP" */ = {
			isa = XCConfigurationList;
			buildConfigurations = (
				F789EC7528B37F2D009E2364 /* Debug */,
				F789EC7628B37F2D009E2364 /* Release */,
			);
			defaultConfigurationIsVisible = 0;
			defaultConfigurationName = Release;
		};
		F789EC7728B37F2D009E2364 /* Build configuration list for PBXNativeTarget "NewsApp-VIPTests" */ = {
			isa = XCConfigurationList;
			buildConfigurations = (
				F789EC7828B37F2D009E2364 /* Debug */,
				F789EC7928B37F2D009E2364 /* Release */,
			);
			defaultConfigurationIsVisible = 0;
			defaultConfigurationName = Release;
		};
		F789EC7A28B37F2D009E2364 /* Build configuration list for PBXNativeTarget "NewsApp-VIPUITests" */ = {
			isa = XCConfigurationList;
			buildConfigurations = (
				F789EC7B28B37F2D009E2364 /* Debug */,
				F789EC7C28B37F2D009E2364 /* Release */,
			);
			defaultConfigurationIsVisible = 0;
			defaultConfigurationName = Release;
		};
/* End XCConfigurationList section */
	};
	rootObject = F789EC4228B37F29009E2364 /* Project object */;
}
